
Microsoft Visual Studio Solution File, Format Version 12.00
# Visual Studio 15
Project("{FAE04EC0-301F-11D3-BF4B-00C04F79EFBC}") = "ThreadTraining", "ThreadTraining.csproj", "{CB9D0146-F255-412B-9527-7BFC80917EBB}"
EndProject
Global
	GlobalSection(SolutionConfigurationPlatforms) = preSolution
		Debug|anycpu = Debug|anycpu
		Release|anycpu = Release|anycpu
	EndGlobalSection
	GlobalSection(ProjectConfigurationPlatforms) = postSolution
		{CB9D0146-F255-412B-9527-7BFC80917EBB}.Debug|anycpu.ActiveCfg = Debug|anycpu
		{CB9D0146-F255-412B-9527-7BFC80917EBB}.Debug|anycpu.Build.0 = Debug|anycpu
		{CB9D0146-F255-412B-9527-7BFC80917EBB}.Release|anycpu.ActiveCfg = Release|anycpu
		{CB9D0146-F255-412B-9527-7BFC80917EBB}.Release|anycpu.Build.0 = Release|anycpu
	EndGlobalSection
EndGlobal
