
Microsoft Visual Studio Solution File, Format Version 12.00
# Visual Studio 15
Project("{FAE04EC0-301F-11D3-BF4B-00C04F79EFBC}") = "Iterators_SR", "Iterators_SR.csproj", "{24743662-50EC-4614-9648-3FEF18F17A4C}"
EndProject
Project("{FAE04EC0-301F-11D3-BF4B-00C04F79EFBC}") = "StoreLib", "StoreLib\StoreLib.csproj", "{7F25CED9-EA13-41C5-B1A2-5CA0B1ED4D1B}"
EndProject
Global
	GlobalSection(SolutionConfigurationPlatforms) = preSolution
		Debug|anycpu = Debug|anycpu
		Release|anycpu = Release|anycpu
	EndGlobalSection
	GlobalSection(ProjectConfigurationPlatforms) = postSolution
		{24743662-50EC-4614-9648-3FEF18F17A4C}.Debug|anycpu.ActiveCfg = Debug|anycpu
		{24743662-50EC-4614-9648-3FEF18F17A4C}.Debug|anycpu.Build.0 = Debug|anycpu
		{24743662-50EC-4614-9648-3FEF18F17A4C}.Release|anycpu.ActiveCfg = Release|anycpu
		{24743662-50EC-4614-9648-3FEF18F17A4C}.Release|anycpu.Build.0 = Release|anycpu
		{7F25CED9-EA13-41C5-B1A2-5CA0B1ED4D1B}.Debug|anycpu.ActiveCfg = Debug|Any CPU
		{7F25CED9-EA13-41C5-B1A2-5CA0B1ED4D1B}.Debug|anycpu.Build.0 = Debug|Any CPU
		{7F25CED9-EA13-41C5-B1A2-5CA0B1ED4D1B}.Release|anycpu.ActiveCfg = Release|Any CPU
		{7F25CED9-EA13-41C5-B1A2-5CA0B1ED4D1B}.Release|anycpu.Build.0 = Release|Any CPU
	EndGlobalSection
EndGlobal
